
Microsoft Visual Studio Solution File, Format Version 12.00
# Visual Studio Version 17
VisualStudioVersion = 17.13.35919.96
MinimumVisualStudioVersion = 10.0.40219.1
Project("{FAE04EC0-301F-11D3-BF4B-00C04F79EFBC}") = "CodeGenerator", "CodeGenerator\CodeGenerator.csproj", "{C34EB7E5-BDE7-49D3-B31F-9E0A9B5146DC}"
EndProject
Project("{FAE04EC0-301F-11D3-BF4B-00C04F79EFBC}") = "CCACodeGen", "CCACodeGen\CCACodeGen.csproj", "{74E1C362-7F49-41A1-9FCA-5ADD42CF36A9}"
EndProject
Global
	GlobalSection(SolutionConfigurationPlatforms) = preSolution
		Debug|Any CPU = Debug|Any CPU
		Release|Any CPU = Release|Any CPU
	EndGlobalSection
	GlobalSection(ProjectConfigurationPlatforms) = postSolution
		{C34EB7E5-BDE7-49D3-B31F-9E0A9B5146DC}.Debug|Any CPU.ActiveCfg = Debug|Any CPU
		{C34EB7E5-BDE7-49D3-B31F-9E0A9B5146DC}.Debug|Any CPU.Build.0 = Debug|Any CPU
		{C34EB7E5-BDE7-49D3-B31F-9E0A9B5146DC}.Release|Any CPU.ActiveCfg = Release|Any CPU
		{C34EB7E5-BDE7-49D3-B31F-9E0A9B5146DC}.Release|Any CPU.Build.0 = Release|Any CPU
		{74E1C362-7F49-41A1-9FCA-5ADD42CF36A9}.Debug|Any CPU.ActiveCfg = Debug|Any CPU
		{74E1C362-7F49-41A1-9FCA-5ADD42CF36A9}.Debug|Any CPU.Build.0 = Debug|Any CPU
		{74E1C362-7F49-41A1-9FCA-5ADD42CF36A9}.Release|Any CPU.ActiveCfg = Release|Any CPU
		{74E1C362-7F49-41A1-9FCA-5ADD42CF36A9}.Release|Any CPU.Build.0 = Release|Any CPU
	EndGlobalSection
	GlobalSection(SolutionProperties) = preSolution
		HideSolutionNode = FALSE
	EndGlobalSection
	GlobalSection(ExtensibilityGlobals) = postSolution
		SolutionGuid = {8D5E8C75-2A65-4E70-AAC4-A1C72FCFCB9B}
	EndGlobalSection
EndGlobal
